{
  "name": "opencode-tools",
  "version": "0.1.0",
  "lockfileVersion": 3,
  "requires": true,
  "packages": {
    "": {
      "name": "opencode-tools",
      "workspaces": [
        "packages/*"
      ]
    },
    "node_modules/meat-plannotator-review": {
      "resolved": "packages/meat-plannotator-review",
      "link": true
    },
    "node_modules/opencode-as-openai-api": {
      "resolved": "packages/opencode-as-openai-api",
      "link": true
    },
    "packages/meat-plannotator-review": {
      "version": "0.1.0",
      "license": "MIT",
      "bin": {
        "meat-plannotator-review": "src/cli.js"
      },
      "engines": {
        "node": ">=20"
      }
    },
    "packages/opencode-as-openai-api": {
      "version": "0.1.0",
      "license": "MIT",
      "bin": {
        "opencode-as-openai-api": "src/cli.js"
      },
      "engines": {
        "node": ">=20"
      }
    }
  }
}
